// !$*UTF8*$!
{
	archiveVersion = 1;
	classes = {
	};
	objectVersion = 46;
	objects = {

/* Begin PBXBuildFile section */
		8E138C151990907900519982 /* Foundation.framework in Frameworks */ = {isa = PBXBuildFile; fileRef = 8E138C141990907900519982 /* Foundation.framework */; };
		8E138C171990907900519982 /* CoreGraphics.framework in Frameworks */ = {isa = PBXBuildFile; fileRef = 8E138C161990907900519982 /* CoreGraphics.framework */; };
		8E138C191990907900519982 /* UIKit.framework in Frameworks */ = {isa = PBXBuildFile; fileRef = 8E138C181990907900519982 /* UIKit.framework */; };
		8E138C1B1990907900519982 /* SpriteKit.framework in Frameworks */ = {isa = PBXBuildFile; fileRef = 8E138C1A1990907900519982 /* SpriteKit.framework */; };
		8E138C211990907900519982 /* InfoPlist.strings in Resources */ = {isa = PBXBuildFile; fileRef = 8E138C1F1990907900519982 /* InfoPlist.strings */; };
		8E138C231990907900519982 /* main.m in Sources */ = {isa = PBXBuildFile; fileRef = 8E138C221990907900519982 /* main.m */; };
		8E138C271990907900519982 /* AppDelegate.m in Sources */ = {isa = PBXBuildFile; fileRef = 8E138C261990907900519982 /* AppDelegate.m */; };
		8E138C2A1990907900519982 /* Main.storyboard in Resources */ = {isa = PBXBuildFile; fileRef = 8E138C281990907900519982 /* Main.storyboard */; };
		8E138C2D1990907900519982 /* MainMenuViewController.m in Sources */ = {isa = PBXBuildFile; fileRef = 8E138C2C1990907900519982 /* MainMenuViewController.m */; };
		8E138C301990907900519982 /* GeneralItemScene.m in Sources */ = {isa = PBXBuildFile; fileRef = 8E138C2F1990907900519982 /* GeneralItemScene.m */; };
		8E138C321990907A00519982 /* Spaceship.png in Resources */ = {isa = PBXBuildFile; fileRef = 8E138C311990907A00519982 /* Spaceship.png */; };
		8E138C341990907A00519982 /* Images.xcassets in Resources */ = {isa = PBXBuildFile; fileRef = 8E138C331990907A00519982 /* Images.xcassets */; };
		8E138C3B1990907A00519982 /* XCTest.framework in Frameworks */ = {isa = PBXBuildFile; fileRef = 8E138C3A1990907A00519982 /* XCTest.framework */; };
		8E138C3C1990907A00519982 /* Foundation.framework in Frameworks */ = {isa = PBXBuildFile; fileRef = 8E138C141990907900519982 /* Foundation.framework */; };
		8E138C3D1990907A00519982 /* UIKit.framework in Frameworks */ = {isa = PBXBuildFile; fileRef = 8E138C181990907900519982 /* UIKit.framework */; };
		8E138C451990907A00519982 /* InfoPlist.strings in Resources */ = {isa = PBXBuildFile; fileRef = 8E138C431990907A00519982 /* InfoPlist.strings */; };
		8E138C471990907A00519982 /* DN_Item_SimulatorTests.m in Sources */ = {isa = PBXBuildFile; fileRef = 8E138C461990907A00519982 /* DN_Item_SimulatorTests.m */; };
		8E138C7119909EA400519982 /* Abyss Walker.png in Resources */ = {isa = PBXBuildFile; fileRef = 8E138C5519909EA400519982 /* Abyss Walker.png */; };
		8E138C7219909EA400519982 /* Adept.png in Resources */ = {isa = PBXBuildFile; fileRef = 8E138C5619909EA400519982 /* Adept.png */; };
		8E138C7319909EA400519982 /* Artillery.png in Resources */ = {isa = PBXBuildFile; fileRef = 8E138C5719909EA400519982 /* Artillery.png */; };
		8E138C7419909EA400519982 /* Barbarian.png in Resources */ = {isa = PBXBuildFile; fileRef = 8E138C5819909EA400519982 /* Barbarian.png */; };
		8E138C7519909EA400519982 /* Blade Dancer.png in Resources */ = {isa = PBXBuildFile; fileRef = 8E138C5919909EA400519982 /* Blade Dancer.png */; };
		8E138C7619909EA400519982 /* Crusader.png in Resources */ = {isa = PBXBuildFile; fileRef = 8E138C5A19909EA400519982 /* Crusader.png */; };
		8E138C7719909EA400519982 /* Dark Summoner.png in Resources */ = {isa = PBXBuildFile; fileRef = 8E138C5B19909EA400519982 /* Dark Summoner.png */; };
		8E138C7819909EA400519982 /* Destroyer.png in Resources */ = {isa = PBXBuildFile; fileRef = 8E138C5C19909EA400519982 /* Destroyer.png */; };
		8E138C7919909EA400519982 /* Elestra.png in Resources */ = {isa = PBXBuildFile; fileRef = 8E138C5D19909EA400519982 /* Elestra.png */; };
		8E138C7A19909EA400519982 /* Gear Master.png in Resources */ = {isa = PBXBuildFile; fileRef = 8E138C5E19909EA400519982 /* Gear Master.png */; };
		8E138C7B19909EA400519982 /* Gladiator.png in Resources */ = {isa = PBXBuildFile; fileRef = 8E138C5F19909EA400519982 /* Gladiator.png */; };
		8E138C7C19909EA400519982 /* Guardian.png in Resources */ = {isa = PBXBuildFile; fileRef = 8E138C6019909EA400519982 /* Guardian.png */; };
		8E138C7D19909EA400519982 /* Inquisitor.png in Resources */ = {isa = PBXBuildFile; fileRef = 8E138C6119909EA400519982 /* Inquisitor.png */; };
		8E138C7E19909EA400519982 /* Light Fury.png in Resources */ = {isa = PBXBuildFile; fileRef = 8E138C6219909EA400519982 /* Light Fury.png */; };
		8E138C7F19909EA400519982 /* Majesty.png in Resources */ = {isa = PBXBuildFile; fileRef = 8E138C6319909EA400519982 /* Majesty.png */; };
		8E138C8019909EA400519982 /* Moonlord.png in Resources */ = {isa = PBXBuildFile; fileRef = 8E138C6419909EA400519982 /* Moonlord.png */; };
		8E138C8119909EA400519982 /* Physician.png in Resources */ = {isa = PBXBuildFile; fileRef = 8E138C6519909EA400519982 /* Physician.png */; };
		8E138C8219909EA400519982 /* Raven.png in Resources */ = {isa = PBXBuildFile; fileRef = 8E138C6619909EA400519982 /* Raven.png */; };
		8E138C8319909EA400519982 /* Ripper.png in Resources */ = {isa = PBXBuildFile; fileRef = 8E138C6719909EA400519982 /* Ripper.png */; };
		8E138C8419909EA400519982 /* Saint.png in Resources */ = {isa = PBXBuildFile; fileRef = 8E138C6819909EA400519982 /* Saint.png */; };
		8E138C8519909EA400519982 /* Seleana.png in Resources */ = {isa = PBXBuildFile; fileRef = 8E138C6919909EA400519982 /* Seleana.png */; };
		8E138C8619909EA400519982 /* Shooting Star.png in Resources */ = {isa = PBXBuildFile; fileRef = 8E138C6A19909EA400519982 /* Shooting Star.png */; };
		8E138C8719909EA400519982 /* Smasher.png in Resources */ = {isa = PBXBuildFile; fileRef = 8E138C6B19909EA400519982 /* Smasher.png */; };
		8E138C8819909EA400519982 /* Sniper.png in Resources */ = {isa = PBXBuildFile; fileRef = 8E138C6C19909EA400519982 /* Sniper.png */; };
		8E138C8919909EA400519982 /* Soul Eater.png in Resources */ = {isa = PBXBuildFile; fileRef = 8E138C6D19909EA400519982 /* Soul Eater.png */; };
		8E138C8A19909EA400519982 /* Spirit Dancer.png in Resources */ = {isa = PBXBuildFile; fileRef = 8E138C6E19909EA400519982 /* Spirit Dancer.png */; };
		8E138C8B19909EA400519982 /* Tempest.png in Resources */ = {isa = PBXBuildFile; fileRef = 8E138C6F19909EA400519982 /* Tempest.png */; };
		8E138C8C19909EA400519982 /* Windwalker.png in Resources */ = {isa = PBXBuildFile; fileRef = 8E138C7019909EA400519982 /* Windwalker.png */; };
		8E138CBE1990A73200519982 /* CoreData.framework in Frameworks */ = {isa = PBXBuildFile; fileRef = 8E138CBD1990A73200519982 /* CoreData.framework */; };
		8E138CD61990ABA500519982 /* +15.sks in Resources */ = {isa = PBXBuildFile; fileRef = 8E138CD01990ABA500519982 /* +15.sks */; };
		8E138CD71990ABA500519982 /* +13.sks in Resources */ = {isa = PBXBuildFile; fileRef = 8E138CD11990ABA500519982 /* +13.sks */; };
		8E138CD81990ABA500519982 /* +12.sks in Resources */ = {isa = PBXBuildFile; fileRef = 8E138CD21990ABA500519982 /* +12.sks */; };
		8E138CD91990ABA500519982 /* +10.sks in Resources */ = {isa = PBXBuildFile; fileRef = 8E138CD31990ABA500519982 /* +10.sks */; };
		8E138CDA1990ABA500519982 /* +8.sks in Resources */ = {isa = PBXBuildFile; fileRef = 8E138CD41990ABA500519982 /* +8.sks */; };
		8E138CDB1990ABA500519982 /* spark.png in Resources */ = {isa = PBXBuildFile; fileRef = 8E138CD51990ABA500519982 /* spark.png */; };
		8E15123819B81F8200F61130 /* List.m in Sources */ = {isa = PBXBuildFile; fileRef = 8E15123719B81F8200F61130 /* List.m */; };
		8E15123B19B82D7C00F61130 /* Parser.m in Sources */ = {isa = PBXBuildFile; fileRef = 8E15123A19B82D7C00F61130 /* Parser.m */; };
		8E72867419B69E8800745D5C /* bg2.png in Resources */ = {isa = PBXBuildFile; fileRef = 8E72867319B69E8800745D5C /* bg2.png */; };
		8E72867719B69F8500745D5C /* ItemListTableViewController.m in Sources */ = {isa = PBXBuildFile; fileRef = 8E72867619B69F8500745D5C /* ItemListTableViewController.m */; };
		8E72867A19B709B100745D5C /* uistring.xml in Resources */ = {isa = PBXBuildFile; fileRef = 8E72867919B709B100745D5C /* uistring.xml */; };
		8E8669EB19B38C5F000FD976 /* CosEarrings.png in Resources */ = {isa = PBXBuildFile; fileRef = 8E8669E819B38C5F000FD976 /* CosEarrings.png */; };
		8E8669EC19B38C5F000FD976 /* CosNecklace.png in Resources */ = {isa = PBXBuildFile; fileRef = 8E8669E919B38C5F000FD976 /* CosNecklace.png */; };
		8E8669ED19B38C5F000FD976 /* CosRings.png in Resources */ = {isa = PBXBuildFile; fileRef = 8E8669EA19B38C5F000FD976 /* CosRings.png */; };
		8E8669F119B38C78000FD976 /* GenEarrings.png in Resources */ = {isa = PBXBuildFile; fileRef = 8E8669EE19B38C78000FD976 /* GenEarrings.png */; };
		8E8669F219B38C78000FD976 /* GenNecklace.png in Resources */ = {isa = PBXBuildFile; fileRef = 8E8669EF19B38C78000FD976 /* GenNecklace.png */; };
		8E8669F319B38C78000FD976 /* GenRing.png in Resources */ = {isa = PBXBuildFile; fileRef = 8E8669F019B38C78000FD976 /* GenRing.png */; };
		8E866A0719B45481000FD976 /* bg1Final.png in Resources */ = {isa = PBXBuildFile; fileRef = 8E866A0619B45481000FD976 /* bg1Final.png */; };
		8EC0B30019949C600071563C /* GenGloves.png in Resources */ = {isa = PBXBuildFile; fileRef = 8EC0B2FA19949C600071563C /* GenGloves.png */; };
		8EC0B30119949C600071563C /* GenHelm.png in Resources */ = {isa = PBXBuildFile; fileRef = 8EC0B2FB19949C600071563C /* GenHelm.png */; };
		8EC0B30219949C600071563C /* GenMainWeap.png in Resources */ = {isa = PBXBuildFile; fileRef = 8EC0B2FC19949C600071563C /* GenMainWeap.png */; };
		8EC0B30319949C600071563C /* GenSecondaryWeap.png in Resources */ = {isa = PBXBuildFile; fileRef = 8EC0B2FD19949C600071563C /* GenSecondaryWeap.png */; };
		8EC0B30419949C600071563C /* GenShoes.png in Resources */ = {isa = PBXBuildFile; fileRef = 8EC0B2FE19949C600071563C /* GenShoes.png */; };
		8EC0B30519949C600071563C /* GenUpper.png in Resources */ = {isa = PBXBuildFile; fileRef = 8EC0B2FF19949C600071563C /* GenUpper.png */; };
		8EC0B3071994A6650071563C /* GenLower.png in Resources */ = {isa = PBXBuildFile; fileRef = 8EC0B3061994A6650071563C /* GenLower.png */; };
		8EC0B30E1994BD1B0071563C /* CostumeGloves.png in Resources */ = {isa = PBXBuildFile; fileRef = 8EC0B3081994BD1B0071563C /* CostumeGloves.png */; };
		8EC0B30F1994BD1B0071563C /* CostumeHelmet.png in Resources */ = {isa = PBXBuildFile; fileRef = 8EC0B3091994BD1B0071563C /* CostumeHelmet.png */; };
		8EC0B3101994BD1B0071563C /* CostumeLower.png in Resources */ = {isa = PBXBuildFile; fileRef = 8EC0B30A1994BD1B0071563C /* CostumeLower.png */; };
		8EC0B3111994BD1B0071563C /* CostumeMainWeap.png in Resources */ = {isa = PBXBuildFile; fileRef = 8EC0B30B1994BD1B0071563C /* CostumeMainWeap.png */; };
		8EC0B3121994BD1B0071563C /* CostumeSecondaryWeap.png in Resources */ = {isa = PBXBuildFile; fileRef = 8EC0B30C1994BD1B0071563C /* CostumeSecondaryWeap.png */; };
		8EC0B3131994BD1B0071563C /* CostumeUpper.png in Resources */ = {isa = PBXBuildFile; fileRef = 8EC0B30D1994BD1B0071563C /* CostumeUpper.png */; };
		8EC0B3161994D37F0071563C /* CostumeShoes.png in Resources */ = {isa = PBXBuildFile; fileRef = 8EC0B3151994D37F0071563C /* CostumeShoes.png */; };
		8EC0B3191994DCB70071563C /* CostumeItemScene.m in Sources */ = {isa = PBXBuildFile; fileRef = 8EC0B3181994DCB70071563C /* CostumeItemScene.m */; };
/* End PBXBuildFile section */

/* Begin PBXContainerItemProxy section */
		8E138C3E1990907A00519982 /* PBXContainerItemProxy */ = {
			isa = PBXContainerItemProxy;
			containerPortal = 8E138C091990907900519982 /* Project object */;
			proxyType = 1;
			remoteGlobalIDString = 8E138C101990907900519982;
			remoteInfo = "DN Item Simulator";
		};
/* End PBXContainerItemProxy section */

/* Begin PBXFileReference section */
		8E138C111990907900519982 /* DN Item Simulator.app */ = {isa = PBXFileReference; explicitFileType = wrapper.application; includeInIndex = 0; path = "DN Item Simulator.app"; sourceTree = BUILT_PRODUCTS_DIR; };
		8E138C141990907900519982 /* Foundation.framework */ = {isa = PBXFileReference; lastKnownFileType = wrapper.framework; name = Foundation.framework; path = System/Library/Frameworks/Foundation.framework; sourceTree = SDKROOT; };
		8E138C161990907900519982 /* CoreGraphics.framework */ = {isa = PBXFileReference; lastKnownFileType = wrapper.framework; name = CoreGraphics.framework; path = System/Library/Frameworks/CoreGraphics.framework; sourceTree = SDKROOT; };
		8E138C181990907900519982 /* UIKit.framework */ = {isa = PBXFileReference; lastKnownFileType = wrapper.framework; name = UIKit.framework; path = System/Library/Frameworks/UIKit.framework; sourceTree = SDKROOT; };
		8E138C1A1990907900519982 /* SpriteKit.framework */ = {isa = PBXFileReference; lastKnownFileType = wrapper.framework; name = SpriteKit.framework; path = System/Library/Frameworks/SpriteKit.framework; sourceTree = SDKROOT; };
		8E138C1E1990907900519982 /* DN Item Simulator-Info.plist */ = {isa = PBXFileReference; lastKnownFileType = text.plist.xml; path = "DN Item Simulator-Info.plist"; sourceTree = "<group>"; };
		8E138C201990907900519982 /* en */ = {isa = PBXFileReference; lastKnownFileType = text.plist.strings; name = en; path = en.lproj/InfoPlist.strings; sourceTree = "<group>"; };
		8E138C221990907900519982 /* main.m */ = {isa = PBXFileReference; lastKnownFileType = sourcecode.c.objc; path = main.m; sourceTree = "<group>"; };
		8E138C241990907900519982 /* DN Item Simulator-Prefix.pch */ = {isa = PBXFileReference; lastKnownFileType = sourcecode.c.h; path = "DN Item Simulator-Prefix.pch"; sourceTree = "<group>"; };
		8E138C251990907900519982 /* AppDelegate.h */ = {isa = PBXFileReference; lastKnownFileType = sourcecode.c.h; path = AppDelegate.h; sourceTree = "<group>"; };
		8E138C261990907900519982 /* AppDelegate.m */ = {isa = PBXFileReference; lastKnownFileType = sourcecode.c.objc; path = AppDelegate.m; sourceTree = "<group>"; };
		8E138C291990907900519982 /* Base */ = {isa = PBXFileReference; lastKnownFileType = file.storyboard; name = Base; path = Base.lproj/Main.storyboard; sourceTree = "<group>"; };
		8E138C2B1990907900519982 /* MainMenuViewController.h */ = {isa = PBXFileReference; lastKnownFileType = sourcecode.c.h; path = MainMenuViewController.h; sourceTree = "<group>"; };
		8E138C2C1990907900519982 /* MainMenuViewController.m */ = {isa = PBXFileReference; lastKnownFileType = sourcecode.c.objc; path = MainMenuViewController.m; sourceTree = "<group>"; };
		8E138C2E1990907900519982 /* GeneralItemScene.h */ = {isa = PBXFileReference; lastKnownFileType = sourcecode.c.h; path = GeneralItemScene.h; sourceTree = "<group>"; };
		8E138C2F1990907900519982 /* GeneralItemScene.m */ = {isa = PBXFileReference; lastKnownFileType = sourcecode.c.objc; path = GeneralItemScene.m; sourceTree = "<group>"; };
		8E138C311990907A00519982 /* Spaceship.png */ = {isa = PBXFileReference; lastKnownFileType = image.png; path = Spaceship.png; sourceTree = "<group>"; };
		8E138C331990907A00519982 /* Images.xcassets */ = {isa = PBXFileReference; lastKnownFileType = folder.assetcatalog; path = Images.xcassets; sourceTree = "<group>"; };
		8E138C391990907A00519982 /* DN Item SimulatorTests.xctest */ = {isa = PBXFileReference; explicitFileType = wrapper.cfbundle; includeInIndex = 0; path = "DN Item SimulatorTests.xctest"; sourceTree = BUILT_PRODUCTS_DIR; };
		8E138C3A1990907A00519982 /* XCTest.framework */ = {isa = PBXFileReference; lastKnownFileType = wrapper.framework; name = XCTest.framework; path = Library/Frameworks/XCTest.framework; sourceTree = DEVELOPER_DIR; };
		8E138C421990907A00519982 /* DN Item SimulatorTests-Info.plist */ = {isa = PBXFileReference; lastKnownFileType = text.plist.xml; path = "DN Item SimulatorTests-Info.plist"; sourceTree = "<group>"; };
		8E138C441990907A00519982 /* en */ = {isa = PBXFileReference; lastKnownFileType = text.plist.strings; name = en; path = en.lproj/InfoPlist.strings; sourceTree = "<group>"; };
		8E138C461990907A00519982 /* DN_Item_SimulatorTests.m */ = {isa = PBXFileReference; lastKnownFileType = sourcecode.c.objc; path = DN_Item_SimulatorTests.m; sourceTree = "<group>"; };
		8E138C5519909EA400519982 /* Abyss Walker.png */ = {isa = PBXFileReference; lastKnownFileType = image.png; path = "Abyss Walker.png"; sourceTree = "<group>"; };
		8E138C5619909EA400519982 /* Adept.png */ = {isa = PBXFileReference; lastKnownFileType = image.png; path = Adept.png; sourceTree = "<group>"; };
		8E138C5719909EA400519982 /* Artillery.png */ = {isa = PBXFileReference; lastKnownFileType = image.png; path = Artillery.png; sourceTree = "<group>"; };
		8E138C5819909EA400519982 /* Barbarian.png */ = {isa = PBXFileReference; lastKnownFileType = image.png; path = Barbarian.png; sourceTree = "<group>"; };
		8E138C5919909EA400519982 /* Blade Dancer.png */ = {isa = PBXFileReference; lastKnownFileType = image.png; path = "Blade Dancer.png"; sourceTree = "<group>"; };
		8E138C5A19909EA400519982 /* Crusader.png */ = {isa = PBXFileReference; lastKnownFileType = image.png; path = Crusader.png; sourceTree = "<group>"; };
		8E138C5B19909EA400519982 /* Dark Summoner.png */ = {isa = PBXFileReference; lastKnownFileType = image.png; path = "Dark Summoner.png"; sourceTree = "<group>"; };
		8E138C5C19909EA400519982 /* Destroyer.png */ = {isa = PBXFileReference; lastKnownFileType = image.png; path = Destroyer.png; sourceTree = "<group>"; };
		8E138C5D19909EA400519982 /* Elestra.png */ = {isa = PBXFileReference; lastKnownFileType = image.png; path = Elestra.png; sourceTree = "<group>"; };
		8E138C5E19909EA400519982 /* Gear Master.png */ = {isa = PBXFileReference; lastKnownFileType = image.png; path = "Gear Master.png"; sourceTree = "<group>"; };
		8E138C5F19909EA400519982 /* Gladiator.png */ = {isa = PBXFileReference; lastKnownFileType = image.png; path = Gladiator.png; sourceTree = "<group>"; };
		8E138C6019909EA400519982 /* Guardian.png */ = {isa = PBXFileReference; lastKnownFileType = image.png; path = Guardian.png; sourceTree = "<group>"; };
		8E138C6119909EA400519982 /* Inquisitor.png */ = {isa = PBXFileReference; lastKnownFileType = image.png; path = Inquisitor.png; sourceTree = "<group>"; };
		8E138C6219909EA400519982 /* Light Fury.png */ = {isa = PBXFileReference; lastKnownFileType = image.png; path = "Light Fury.png"; sourceTree = "<group>"; };
		8E138C6319909EA400519982 /* Majesty.png */ = {isa = PBXFileReference; lastKnownFileType = image.png; path = Majesty.png; sourceTree = "<group>"; };
		8E138C6419909EA400519982 /* Moonlord.png */ = {isa = PBXFileReference; lastKnownFileType = image.png; path = Moonlord.png; sourceTree = "<group>"; };
		8E138C6519909EA400519982 /* Physician.png */ = {isa = PBXFileReference; lastKnownFileType = image.png; path = Physician.png; sourceTree = "<group>"; };
		8E138C6619909EA400519982 /* Raven.png */ = {isa = PBXFileReference; lastKnownFileType = image.png; path = Raven.png; sourceTree = "<group>"; };
		8E138C6719909EA400519982 /* Ripper.png */ = {isa = PBXFileReference; lastKnownFileType = image.png; path = Ripper.png; sourceTree = "<group>"; };
		8E138C6819909EA400519982 /* Saint.png */ = {isa = PBXFileReference; lastKnownFileType = image.png; path = Saint.png; sourceTree = "<group>"; };
		8E138C6919909EA400519982 /* Seleana.png */ = {isa = PBXFileReference; lastKnownFileType = image.png; path = Seleana.png; sourceTree = "<group>"; };
		8E138C6A19909EA400519982 /* Shooting Star.png */ = {isa = PBXFileReference; lastKnownFileType = image.png; path = "Shooting Star.png"; sourceTree = "<group>"; };
		8E138C6B19909EA400519982 /* Smasher.png */ = {isa = PBXFileReference; lastKnownFileType = image.png; path = Smasher.png; sourceTree = "<group>"; };
		8E138C6C19909EA400519982 /* Sniper.png */ = {isa = PBXFileReference; lastKnownFileType = image.png; path = Sniper.png; sourceTree = "<group>"; };
		8E138C6D19909EA400519982 /* Soul Eater.png */ = {isa = PBXFileReference; lastKnownFileType = image.png; path = "Soul Eater.png"; sourceTree = "<group>"; };
		8E138C6E19909EA400519982 /* Spirit Dancer.png */ = {isa = PBXFileReference; lastKnownFileType = image.png; path = "Spirit Dancer.png"; sourceTree = "<group>"; };
		8E138C6F19909EA400519982 /* Tempest.png */ = {isa = PBXFileReference; lastKnownFileType = image.png; path = Tempest.png; sourceTree = "<group>"; };
		8E138C7019909EA400519982 /* Windwalker.png */ = {isa = PBXFileReference; lastKnownFileType = image.png; path = Windwalker.png; sourceTree = "<group>"; };
		8E138CBD1990A73200519982 /* CoreData.framework */ = {isa = PBXFileReference; lastKnownFileType = wrapper.framework; name = CoreData.framework; path = System/Library/Frameworks/CoreData.framework; sourceTree = SDKROOT; };
		8E138CD01990ABA500519982 /* +15.sks */ = {isa = PBXFileReference; lastKnownFileType = file.sks; path = "+15.sks"; sourceTree = "<group>"; };
		8E138CD11990ABA500519982 /* +13.sks */ = {isa = PBXFileReference; lastKnownFileType = file.sks; path = "+13.sks"; sourceTree = "<group>"; };
		8E138CD21990ABA500519982 /* +12.sks */ = {isa = PBXFileReference; lastKnownFileType = file.sks; path = "+12.sks"; sourceTree = "<group>"; };
		8E138CD31990ABA500519982 /* +10.sks */ = {isa = PBXFileReference; lastKnownFileType = file.sks; path = "+10.sks"; sourceTree = "<group>"; };
		8E138CD41990ABA500519982 /* +8.sks */ = {isa = PBXFileReference; lastKnownFileType = file.sks; path = "+8.sks"; sourceTree = "<group>"; };
		8E138CD51990ABA500519982 /* spark.png */ = {isa = PBXFileReference; lastKnownFileType = image.png; path = spark.png; sourceTree = "<group>"; };
		8E15123619B81F8200F61130 /* List.h */ = {isa = PBXFileReference; fileEncoding = 4; lastKnownFileType = sourcecode.c.h; path = List.h; sourceTree = "<group>"; };
		8E15123719B81F8200F61130 /* List.m */ = {isa = PBXFileReference; fileEncoding = 4; lastKnownFileType = sourcecode.c.objc; path = List.m; sourceTree = "<group>"; };
		8E15123919B82D7C00F61130 /* Parser.h */ = {isa = PBXFileReference; fileEncoding = 4; lastKnownFileType = sourcecode.c.h; path = Parser.h; sourceTree = "<group>"; };
		8E15123A19B82D7C00F61130 /* Parser.m */ = {isa = PBXFileReference; fileEncoding = 4; lastKnownFileType = sourcecode.c.objc; path = Parser.m; sourceTree = "<group>"; };
		8E3B881B19CECE5600E6382D /* Itemtable_equipment.sqlite */ = {isa = PBXFileReference; lastKnownFileType = file; name = Itemtable_equipment.sqlite; path = "DN Item Simulator/Itemtable_equipment.sqlite"; sourceTree = "<group>"; };
		8E72867319B69E8800745D5C /* bg2.png */ = {isa = PBXFileReference; lastKnownFileType = image.png; path = bg2.png; sourceTree = "<group>"; };
		8E72867519B69F8500745D5C /* ItemListTableViewController.h */ = {isa = PBXFileReference; fileEncoding = 4; lastKnownFileType = sourcecode.c.h; path = ItemListTableViewController.h; sourceTree = "<group>"; };
		8E72867619B69F8500745D5C /* ItemListTableViewController.m */ = {isa = PBXFileReference; fileEncoding = 4; lastKnownFileType = sourcecode.c.objc; path = ItemListTableViewController.m; sourceTree = "<group>"; };
		8E72867919B709B100745D5C /* uistring.xml */ = {isa = PBXFileReference; fileEncoding = 4; lastKnownFileType = text.xml; path = uistring.xml; sourceTree = "<group>"; };
		8E8669E819B38C5F000FD976 /* CosEarrings.png */ = {isa = PBXFileReference; lastKnownFileType = image.png; path = CosEarrings.png; sourceTree = "<group>"; };
		8E8669E919B38C5F000FD976 /* CosNecklace.png */ = {isa = PBXFileReference; lastKnownFileType = image.png; path = CosNecklace.png; sourceTree = "<group>"; };
		8E8669EA19B38C5F000FD976 /* CosRings.png */ = {isa = PBXFileReference; lastKnownFileType = image.png; path = CosRings.png; sourceTree = "<group>"; };
		8E8669EE19B38C78000FD976 /* GenEarrings.png */ = {isa = PBXFileReference; lastKnownFileType = image.png; path = GenEarrings.png; sourceTree = "<group>"; };
		8E8669EF19B38C78000FD976 /* GenNecklace.png */ = {isa = PBXFileReference; lastKnownFileType = image.png; path = GenNecklace.png; sourceTree = "<group>"; };
		8E8669F019B38C78000FD976 /* GenRing.png */ = {isa = PBXFileReference; lastKnownFileType = image.png; path = GenRing.png; sourceTree = "<group>"; };
		8E866A0619B45481000FD976 /* bg1Final.png */ = {isa = PBXFileReference; lastKnownFileType = image.png; path = bg1Final.png; sourceTree = "<group>"; };
		8EC0B2FA19949C600071563C /* GenGloves.png */ = {isa = PBXFileReference; lastKnownFileType = image.png; path = GenGloves.png; sourceTree = "<group>"; };
		8EC0B2FB19949C600071563C /* GenHelm.png */ = {isa = PBXFileReference; lastKnownFileType = image.png; path = GenHelm.png; sourceTree = "<group>"; };
		8EC0B2FC19949C600071563C /* GenMainWeap.png */ = {isa = PBXFileReference; lastKnownFileType = image.png; path = GenMainWeap.png; sourceTree = "<group>"; };
		8EC0B2FD19949C600071563C /* GenSecondaryWeap.png */ = {isa = PBXFileReference; lastKnownFileType = image.png; path = GenSecondaryWeap.png; sourceTree = "<group>"; };
		8EC0B2FE19949C600071563C /* GenShoes.png */ = {isa = PBXFileReference; lastKnownFileType = image.png; path = GenShoes.png; sourceTree = "<group>"; };
		8EC0B2FF19949C600071563C /* GenUpper.png */ = {isa = PBXFileReference; lastKnownFileType = image.png; path = GenUpper.png; sourceTree = "<group>"; };
		8EC0B3061994A6650071563C /* GenLower.png */ = {isa = PBXFileReference; lastKnownFileType = image.png; path = GenLower.png; sourceTree = "<group>"; };
		8EC0B3081994BD1B0071563C /* CostumeGloves.png */ = {isa = PBXFileReference; lastKnownFileType = image.png; path = CostumeGloves.png; sourceTree = "<group>"; };
		8EC0B3091994BD1B0071563C /* CostumeHelmet.png */ = {isa = PBXFileReference; lastKnownFileType = image.png; path = CostumeHelmet.png; sourceTree = "<group>"; };
		8EC0B30A1994BD1B0071563C /* CostumeLower.png */ = {isa = PBXFileReference; lastKnownFileType = image.png; path = CostumeLower.png; sourceTree = "<group>"; };
		8EC0B30B1994BD1B0071563C /* CostumeMainWeap.png */ = {isa = PBXFileReference; lastKnownFileType = image.png; path = CostumeMainWeap.png; sourceTree = "<group>"; };
		8EC0B30C1994BD1B0071563C /* CostumeSecondaryWeap.png */ = {isa = PBXFileReference; lastKnownFileType = image.png; path = CostumeSecondaryWeap.png; sourceTree = "<group>"; };
		8EC0B30D1994BD1B0071563C /* CostumeUpper.png */ = {isa = PBXFileReference; lastKnownFileType = image.png; path = CostumeUpper.png; sourceTree = "<group>"; };
		8EC0B3151994D37F0071563C /* CostumeShoes.png */ = {isa = PBXFileReference; lastKnownFileType = image.png; path = CostumeShoes.png; sourceTree = "<group>"; };
		8EC0B3171994DCB70071563C /* CostumeItemScene.h */ = {isa = PBXFileReference; fileEncoding = 4; lastKnownFileType = sourcecode.c.h; path = CostumeItemScene.h; sourceTree = "<group>"; };
		8EC0B3181994DCB70071563C /* CostumeItemScene.m */ = {isa = PBXFileReference; fileEncoding = 4; lastKnownFileType = sourcecode.c.objc; path = CostumeItemScene.m; sourceTree = "<group>"; };
/* End PBXFileReference section */

/* Begin PBXFrameworksBuildPhase section */
		8E138C0E1990907900519982 /* Frameworks */ = {
			isa = PBXFrameworksBuildPhase;
			buildActionMask = 2147483647;
			files = (
				8E138CBE1990A73200519982 /* CoreData.framework in Frameworks */,
				8E138C171990907900519982 /* CoreGraphics.framework in Frameworks */,
				8E138C191990907900519982 /* UIKit.framework in Frameworks */,
				8E138C1B1990907900519982 /* SpriteKit.framework in Frameworks */,
				8E138C151990907900519982 /* Foundation.framework in Frameworks */,
			);
			runOnlyForDeploymentPostprocessing = 0;
		};
		8E138C361990907A00519982 /* Frameworks */ = {
			isa = PBXFrameworksBuildPhase;
			buildActionMask = 2147483647;
			files = (
				8E138C3B1990907A00519982 /* XCTest.framework in Frameworks */,
				8E138C3D1990907A00519982 /* UIKit.framework in Frameworks */,
				8E138C3C1990907A00519982 /* Foundation.framework in Frameworks */,
			);
			runOnlyForDeploymentPostprocessing = 0;
		};
/* End PBXFrameworksBuildPhase section */

/* Begin PBXGroup section */
		8E138C081990907900519982 = {
			isa = PBXGroup;
			children = (
				8E72867B19B709D100745D5C /* Database and xml */,
				8EC0B3141994BDBC0071563C /* Costume Equipment */,
				8E4C148C199363DD0030539D /* General Equipment */,
				8E138CDC1990ABAB00519982 /* Particle Configuration */,
				8E138C8D19909EB200519982 /* Job Classess */,
				8E72867819B69F8B00745D5C /* TableView */,
				8E138C1C1990907900519982 /* DN Item Simulator */,
				8E138C401990907A00519982 /* DN Item SimulatorTests */,
				8E138C131990907900519982 /* Frameworks */,
				8E138C121990907900519982 /* Products */,
			);
			sourceTree = "<group>";
		};
		8E138C121990907900519982 /* Products */ = {
			isa = PBXGroup;
			children = (
				8E138C111990907900519982 /* DN Item Simulator.app */,
				8E138C391990907A00519982 /* DN Item SimulatorTests.xctest */,
			);
			name = Products;
			sourceTree = "<group>";
		};
		8E138C131990907900519982 /* Frameworks */ = {
			isa = PBXGroup;
			children = (
				8E138CBD1990A73200519982 /* CoreData.framework */,
				8E138C141990907900519982 /* Foundation.framework */,
				8E138C161990907900519982 /* CoreGraphics.framework */,
				8E138C181990907900519982 /* UIKit.framework */,
				8E138C1A1990907900519982 /* SpriteKit.framework */,
				8E138C3A1990907A00519982 /* XCTest.framework */,
			);
			name = Frameworks;
			sourceTree = "<group>";
		};
		8E138C1C1990907900519982 /* DN Item Simulator */ = {
			isa = PBXGroup;
			children = (
				8E72867319B69E8800745D5C /* bg2.png */,
				8E866A0619B45481000FD976 /* bg1Final.png */,
				8E138C251990907900519982 /* AppDelegate.h */,
				8E138C261990907900519982 /* AppDelegate.m */,
				8E138C281990907900519982 /* Main.storyboard */,
				8EC0B3171994DCB70071563C /* CostumeItemScene.h */,
				8EC0B3181994DCB70071563C /* CostumeItemScene.m */,
				8E138C2B1990907900519982 /* MainMenuViewController.h */,
				8E138C2C1990907900519982 /* MainMenuViewController.m */,
				8E138C2E1990907900519982 /* GeneralItemScene.h */,
				8E138C2F1990907900519982 /* GeneralItemScene.m */,
				8E138C311990907A00519982 /* Spaceship.png */,
				8E138C331990907A00519982 /* Images.xcassets */,
				8E138C1D1990907900519982 /* Supporting Files */,
			);
			path = "DN Item Simulator";
			sourceTree = "<group>";
		};
		8E138C1D1990907900519982 /* Supporting Files */ = {
			isa = PBXGroup;
			children = (
				8E138C1E1990907900519982 /* DN Item Simulator-Info.plist */,
				8E138C1F1990907900519982 /* InfoPlist.strings */,
				8E138C221990907900519982 /* main.m */,
				8E138C241990907900519982 /* DN Item Simulator-Prefix.pch */,
			);
			name = "Supporting Files";
			sourceTree = "<group>";
		};
		8E138C401990907A00519982 /* DN Item SimulatorTests */ = {
			isa = PBXGroup;
			children = (
				8E138C461990907A00519982 /* DN_Item_SimulatorTests.m */,
				8E138C411990907A00519982 /* Supporting Files */,
			);
			path = "DN Item SimulatorTests";
			sourceTree = "<group>";
		};
		8E138C411990907A00519982 /* Supporting Files */ = {
			isa = PBXGroup;
			children = (
				8E138C421990907A00519982 /* DN Item SimulatorTests-Info.plist */,
				8E138C431990907A00519982 /* InfoPlist.strings */,
			);
			name = "Supporting Files";
			sourceTree = "<group>";
		};
		8E138C8D19909EB200519982 /* Job Classess */ = {
			isa = PBXGroup;
			children = (
				8E138C5519909EA400519982 /* Abyss Walker.png */,
				8E138C5619909EA400519982 /* Adept.png */,
				8E138C5719909EA400519982 /* Artillery.png */,
				8E138C5819909EA400519982 /* Barbarian.png */,
				8E138C5919909EA400519982 /* Blade Dancer.png */,
				8E138C5A19909EA400519982 /* Crusader.png */,
				8E138C5B19909EA400519982 /* Dark Summoner.png */,
				8E138C5C19909EA400519982 /* Destroyer.png */,
				8E138C5D19909EA400519982 /* Elestra.png */,
				8E138C5E19909EA400519982 /* Gear Master.png */,
				8E138C5F19909EA400519982 /* Gladiator.png */,
				8E138C6019909EA400519982 /* Guardian.png */,
				8E138C6119909EA400519982 /* Inquisitor.png */,
				8E138C6219909EA400519982 /* Light Fury.png */,
				8E138C6319909EA400519982 /* Majesty.png */,
				8E138C6419909EA400519982 /* Moonlord.png */,
				8E138C6519909EA400519982 /* Physician.png */,
				8E138C6619909EA400519982 /* Raven.png */,
				8E138C6719909EA400519982 /* Ripper.png */,
				8E138C6819909EA400519982 /* Saint.png */,
				8E138C6919909EA400519982 /* Seleana.png */,
				8E138C6A19909EA400519982 /* Shooting Star.png */,
				8E138C6B19909EA400519982 /* Smasher.png */,
				8E138C6C19909EA400519982 /* Sniper.png */,
				8E138C6D19909EA400519982 /* Soul Eater.png */,
				8E138C6E19909EA400519982 /* Spirit Dancer.png */,
				8E138C6F19909EA400519982 /* Tempest.png */,
				8E138C7019909EA400519982 /* Windwalker.png */,
			);
			name = "Job Classess";
			path = "DN Item Simulator";
			sourceTree = "<group>";
		};
		8E138CDC1990ABAB00519982 /* Particle Configuration */ = {
			isa = PBXGroup;
			children = (
				8E138CD01990ABA500519982 /* +15.sks */,
				8E138CD11990ABA500519982 /* +13.sks */,
				8E138CD21990ABA500519982 /* +12.sks */,
				8E138CD31990ABA500519982 /* +10.sks */,
				8E138CD41990ABA500519982 /* +8.sks */,
				8E138CD51990ABA500519982 /* spark.png */,
			);
			name = "Particle Configuration";
			sourceTree = "<group>";
		};
		8E4C148C199363DD0030539D /* General Equipment */ = {
			isa = PBXGroup;
			children = (
				8EC0B2FA19949C600071563C /* GenGloves.png */,
				8EC0B2FB19949C600071563C /* GenHelm.png */,
				8EC0B2FC19949C600071563C /* GenMainWeap.png */,
				8E8669EE19B38C78000FD976 /* GenEarrings.png */,
				8E8669EF19B38C78000FD976 /* GenNecklace.png */,
				8E8669F019B38C78000FD976 /* GenRing.png */,
				8EC0B2FD19949C600071563C /* GenSecondaryWeap.png */,
				8EC0B2FE19949C600071563C /* GenShoes.png */,
				8EC0B3061994A6650071563C /* GenLower.png */,
				8EC0B2FF19949C600071563C /* GenUpper.png */,
			);
			name = "General Equipment";
			sourceTree = "<group>";
		};
		8E72867819B69F8B00745D5C /* TableView */ = {
			isa = PBXGroup;
			children = (
				8E72867519B69F8500745D5C /* ItemListTableViewController.h */,
				8E72867619B69F8500745D5C /* ItemListTableViewController.m */,
			);
			name = TableView;
			path = "DN Item Simulator";
			sourceTree = "<group>";
		};
		8E72867B19B709D100745D5C /* Database and xml */ = {
			isa = PBXGroup;
			children = (
				8ECCD0BD19CE83C4003827F2 /* Coredata */,
				8E72867919B709B100745D5C /* uistring.xml */,
				8E3B881B19CECE5600E6382D /* Itemtable_equipment.sqlite */,
				8E15123619B81F8200F61130 /* List.h */,
				8E15123719B81F8200F61130 /* List.m */,
				8E15123919B82D7C00F61130 /* Parser.h */,
				8E15123A19B82D7C00F61130 /* Parser.m */,
			);
			name = "Database and xml";
			sourceTree = "<group>";
		};
		8EC0B3141994BDBC0071563C /* Costume Equipment */ = {
			isa = PBXGroup;
			children = (
				8EC0B3081994BD1B0071563C /* CostumeGloves.png */,
				8EC0B3091994BD1B0071563C /* CostumeHelmet.png */,
				8EC0B30A1994BD1B0071563C /* CostumeLower.png */,
				8EC0B3151994D37F0071563C /* CostumeShoes.png */,
				8E8669E819B38C5F000FD976 /* CosEarrings.png */,
				8E8669E919B38C5F000FD976 /* CosNecklace.png */,
				8E8669EA19B38C5F000FD976 /* CosRings.png */,
				8EC0B30B1994BD1B0071563C /* CostumeMainWeap.png */,
				8EC0B30C1994BD1B0071563C /* CostumeSecondaryWeap.png */,
				8EC0B30D1994BD1B0071563C /* CostumeUpper.png */,
			);
			name = "Costume Equipment";
			sourceTree = "<group>";
		};
		8ECCD0BD19CE83C4003827F2 /* Coredata */ = {
			isa = PBXGroup;
			children = (
			);
			name = Coredata;
			path = "DN Item Simulator";
			sourceTree = "<group>";
		};
/* End PBXGroup section */

/* Begin PBXNativeTarget section */
		8E138C101990907900519982 /* DN Item Simulator */ = {
			isa = PBXNativeTarget;
			buildConfigurationList = 8E138C4A1990907A00519982 /* Build configuration list for PBXNativeTarget "DN Item Simulator" */;
			buildPhases = (
				8E138C0D1990907900519982 /* Sources */,
				8E138C0E1990907900519982 /* Frameworks */,
				8E138C0F1990907900519982 /* Resources */,
			);
			buildRules = (
			);
			dependencies = (
			);
			name = "DN Item Simulator";
			productName = "DN Item Simulator";
			productReference = 8E138C111990907900519982 /* DN Item Simulator.app */;
			productType = "com.apple.product-type.application";
		};
		8E138C381990907A00519982 /* DN Item SimulatorTests */ = {
			isa = PBXNativeTarget;
			buildConfigurationList = 8E138C4D1990907A00519982 /* Build configuration list for PBXNativeTarget "DN Item SimulatorTests" */;
			buildPhases = (
				8E138C351990907A00519982 /* Sources */,
				8E138C361990907A00519982 /* Frameworks */,
				8E138C371990907A00519982 /* Resources */,
			);
			buildRules = (
			);
			dependencies = (
				8E138C3F1990907A00519982 /* PBXTargetDependency */,
			);
			name = "DN Item SimulatorTests";
			productName = "DN Item SimulatorTests";
			productReference = 8E138C391990907A00519982 /* DN Item SimulatorTests.xctest */;
			productType = "com.apple.product-type.bundle.unit-test";
		};
/* End PBXNativeTarget section */

/* Begin PBXProject section */
		8E138C091990907900519982 /* Project object */ = {
			isa = PBXProject;
			attributes = {
				LastUpgradeCheck = 0510;
				ORGANIZATIONNAME = merick;
				TargetAttributes = {
					8E138C381990907A00519982 = {
						TestTargetID = 8E138C101990907900519982;
					};
				};
			};
			buildConfigurationList = 8E138C0C1990907900519982 /* Build configuration list for PBXProject "DN Item Simulator" */;
			compatibilityVersion = "Xcode 3.2";
			developmentRegion = English;
			hasScannedForEncodings = 0;
			knownRegions = (
				en,
				Base,
			);
			mainGroup = 8E138C081990907900519982;
			productRefGroup = 8E138C121990907900519982 /* Products */;
			projectDirPath = "";
			projectRoot = "";
			targets = (
				8E138C101990907900519982 /* DN Item Simulator */,
				8E138C381990907A00519982 /* DN Item SimulatorTests */,
			);
		};
/* End PBXProject section */

/* Begin PBXResourcesBuildPhase section */
		8E138C0F1990907900519982 /* Resources */ = {
			isa = PBXResourcesBuildPhase;
			buildActionMask = 2147483647;
			files = (
				8E138C7719909EA400519982 /* Dark Summoner.png in Resources */,
				8E138C8619909EA400519982 /* Shooting Star.png in Resources */,
				8E138C7219909EA400519982 /* Adept.png in Resources */,
				8E138C211990907900519982 /* InfoPlist.strings in Resources */,
				8E8669F319B38C78000FD976 /* GenRing.png in Resources */,
				8EC0B30E1994BD1B0071563C /* CostumeGloves.png in Resources */,
				8E8669EC19B38C5F000FD976 /* CosNecklace.png in Resources */,
				8E866A0719B45481000FD976 /* bg1Final.png in Resources */,
				8E138C8419909EA400519982 /* Saint.png in Resources */,
				8E8669ED19B38C5F000FD976 /* CosRings.png in Resources */,
				8E138C7419909EA400519982 /* Barbarian.png in Resources */,
				8E138CD91990ABA500519982 /* +10.sks in Resources */,
				8E138C8819909EA400519982 /* Sniper.png in Resources */,
				8E138C341990907A00519982 /* Images.xcassets in Resources */,
				8EC0B30F1994BD1B0071563C /* CostumeHelmet.png in Resources */,
				8E138C7F19909EA400519982 /* Majesty.png in Resources */,
				8E138C7819909EA400519982 /* Destroyer.png in Resources */,
				8E138C321990907A00519982 /* Spaceship.png in Resources */,
				8EC0B3131994BD1B0071563C /* CostumeUpper.png in Resources */,
				8E138C7919909EA400519982 /* Elestra.png in Resources */,
				8E138C7119909EA400519982 /* Abyss Walker.png in Resources */,
				8E138C8B19909EA400519982 /* Tempest.png in Resources */,
				8E138C7E19909EA400519982 /* Light Fury.png in Resources */,
				8E138CD71990ABA500519982 /* +13.sks in Resources */,
				8E138C7D19909EA400519982 /* Inquisitor.png in Resources */,
				8E138C8219909EA400519982 /* Raven.png in Resources */,
				8E138C8A19909EA400519982 /* Spirit Dancer.png in Resources */,
				8EC0B30419949C600071563C /* GenShoes.png in Resources */,
				8E138C7B19909EA400519982 /* Gladiator.png in Resources */,
				8EC0B3161994D37F0071563C /* CostumeShoes.png in Resources */,
				8E8669EB19B38C5F000FD976 /* CosEarrings.png in Resources */,
				8E138C8319909EA400519982 /* Ripper.png in Resources */,
				8E138C8719909EA400519982 /* Smasher.png in Resources */,
				8E72867419B69E8800745D5C /* bg2.png in Resources */,
				8E138C8019909EA400519982 /* Moonlord.png in Resources */,
				8E138CD81990ABA500519982 /* +12.sks in Resources */,
				8EC0B3121994BD1B0071563C /* CostumeSecondaryWeap.png in Resources */,
				8EC0B30519949C600071563C /* GenUpper.png in Resources */,
				8E138CDB1990ABA500519982 /* spark.png in Resources */,
				8E8669F219B38C78000FD976 /* GenNecklace.png in Resources */,
				8E138C8119909EA400519982 /* Physician.png in Resources */,
				8E138C7C19909EA400519982 /* Guardian.png in Resources */,
				8E138C7A19909EA400519982 /* Gear Master.png in Resources */,
				8E8669F119B38C78000FD976 /* GenEarrings.png in Resources */,
				8E72867A19B709B100745D5C /* uistring.xml in Resources */,
				8E138C8C19909EA400519982 /* Windwalker.png in Resources */,
				8E138C8519909EA400519982 /* Seleana.png in Resources */,
				8EC0B30019949C600071563C /* GenGloves.png in Resources */,
				8E138C2A1990907900519982 /* Main.storyboard in Resources */,
				8E138C7519909EA400519982 /* Blade Dancer.png in Resources */,
				8EC0B30119949C600071563C /* GenHelm.png in Resources */,
				8EC0B30319949C600071563C /* GenSecondaryWeap.png in Resources */,
				8E138C7619909EA400519982 /* Crusader.png in Resources */,
				8EC0B30219949C600071563C /* GenMainWeap.png in Resources */,
				8E138CD61990ABA500519982 /* +15.sks in Resources */,
				8E138CDA1990ABA500519982 /* +8.sks in Resources */,
				8EC0B3071994A6650071563C /* GenLower.png in Resources */,
				8E138C8919909EA400519982 /* Soul Eater.png in Resources */,
				8EC0B3111994BD1B0071563C /* CostumeMainWeap.png in Resources */,
				8EC0B3101994BD1B0071563C /* CostumeLower.png in Resources */,
				8E138C7319909EA400519982 /* Artillery.png in Resources */,
			);
			runOnlyForDeploymentPostprocessing = 0;
		};
		8E138C371990907A00519982 /* Resources */ = {
			isa = PBXResourcesBuildPhase;
			buildActionMask = 2147483647;
			files = (
				8E138C451990907A00519982 /* InfoPlist.strings in Resources */,
			);
			runOnlyForDeploymentPostprocessing = 0;
		};
/* End PBXResourcesBuildPhase section */

/* Begin PBXSourcesBuildPhase section */
		8E138C0D1990907900519982 /* Sources */ = {
			isa = PBXSourcesBuildPhase;
			buildActionMask = 2147483647;
			files = (
				8E15123819B81F8200F61130 /* List.m in Sources */,
				8E138C301990907900519982 /* GeneralItemScene.m in Sources */,
				8E138C2D1990907900519982 /* MainMenuViewController.m in Sources */,
				8E72867719B69F8500745D5C /* ItemListTableViewController.m in Sources */,
				8E138C271990907900519982 /* AppDelegate.m in Sources */,
				8E138C231990907900519982 /* main.m in Sources */,
				8EC0B3191994DCB70071563C /* CostumeItemScene.m in Sources */,
				8E15123B19B82D7C00F61130 /* Parser.m in Sources */,
			);
			runOnlyForDeploymentPostprocessing = 0;
		};
		8E138C351990907A00519982 /* Sources */ = {
			isa = PBXSourcesBuildPhase;
			buildActionMask = 2147483647;
			files = (
				8E138C471990907A00519982 /* DN_Item_SimulatorTests.m in Sources */,
			);
			runOnlyForDeploymentPostprocessing = 0;
		};
/* End PBXSourcesBuildPhase section */

/* Begin PBXTargetDependency section */
		8E138C3F1990907A00519982 /* PBXTargetDependency */ = {
			isa = PBXTargetDependency;
			target = 8E138C101990907900519982 /* DN Item Simulator */;
			targetProxy = 8E138C3E1990907A00519982 /* PBXContainerItemProxy */;
		};
/* End PBXTargetDependency section */

/* Begin PBXVariantGroup section */
		8E138C1F1990907900519982 /* InfoPlist.strings */ = {
			isa = PBXVariantGroup;
			children = (
				8E138C201990907900519982 /* en */,
			);
			name = InfoPlist.strings;
			sourceTree = "<group>";
		};
		8E138C281990907900519982 /* Main.storyboard */ = {
			isa = PBXVariantGroup;
			children = (
				8E138C291990907900519982 /* Base */,
			);
			name = Main.storyboard;
			sourceTree = "<group>";
		};
		8E138C431990907A00519982 /* InfoPlist.strings */ = {
			isa = PBXVariantGroup;
			children = (
				8E138C441990907A00519982 /* en */,
			);
			name = InfoPlist.strings;
			sourceTree = "<group>";
		};
/* End PBXVariantGroup section */

/* Begin XCBuildConfiguration section */
		8E138C481990907A00519982 /* Debug */ = {
			isa = XCBuildConfiguration;
			buildSettings = {
				ALWAYS_SEARCH_USER_PATHS = NO;
				CLANG_CXX_LANGUAGE_STANDARD = "gnu++0x";
				CLANG_CXX_LIBRARY = "libc++";
				CLANG_ENABLE_MODULES = YES;
				CLANG_ENABLE_OBJC_ARC = YES;
				CLANG_WARN_BOOL_CONVERSION = YES;
				CLANG_WARN_CONSTANT_CONVERSION = YES;
				CLANG_WARN_DIRECT_OBJC_ISA_USAGE = YES_ERROR;
				CLANG_WARN_EMPTY_BODY = YES;
				CLANG_WARN_ENUM_CONVERSION = YES;
				CLANG_WARN_INT_CONVERSION = YES;
				CLANG_WARN_OBJC_ROOT_CLASS = YES_ERROR;
				CLANG_WARN__DUPLICATE_METHOD_MATCH = YES;
				"CODE_SIGN_IDENTITY[sdk=iphoneos*]" = "iPhone Developer";
				COPY_PHASE_STRIP = NO;
				GCC_C_LANGUAGE_STANDARD = gnu99;
				GCC_DYNAMIC_NO_PIC = NO;
				GCC_OPTIMIZATION_LEVEL = 0;
				GCC_PREPROCESSOR_DEFINITIONS = (
					"DEBUG=1",
					"$(inherited)",
				);
				GCC_SYMBOLS_PRIVATE_EXTERN = NO;
				GCC_WARN_64_TO_32_BIT_CONVERSION = YES;
				GCC_WARN_ABOUT_RETURN_TYPE = YES_ERROR;
				GCC_WARN_UNDECLARED_SELECTOR = YES;
				GCC_WARN_UNINITIALIZED_AUTOS = YES_AGGRESSIVE;
				GCC_WARN_UNUSED_FUNCTION = YES;
				GCC_WARN_UNUSED_VARIABLE = YES;
				IPHONEOS_DEPLOYMENT_TARGET = 7.1;
				ONLY_ACTIVE_ARCH = YES;
				SDKROOT = iphoneos;
			};
			name = Debug;
		};
		8E138C491990907A00519982 /* Release */ = {
			isa = XCBuildConfiguration;
			buildSettings = {
				ALWAYS_SEARCH_USER_PATHS = NO;
				CLANG_CXX_LANGUAGE_STANDARD = "gnu++0x";
				CLANG_CXX_LIBRARY = "libc++";
				CLANG_ENABLE_MODULES = YES;
				CLANG_ENABLE_OBJC_ARC = YES;
				CLANG_WARN_BOOL_CONVERSION = YES;
				CLANG_WARN_CONSTANT_CONVERSION = YES;
				CLANG_WARN_DIRECT_OBJC_ISA_USAGE = YES_ERROR;
				CLANG_WARN_EMPTY_BODY = YES;
				CLANG_WARN_ENUM_CONVERSION = YES;
				CLANG_WARN_INT_CONVERSION = YES;
				CLANG_WARN_OBJC_ROOT_CLASS = YES_ERROR;
				CLANG_WARN__DUPLICATE_METHOD_MATCH = YES;
				"CODE_SIGN_IDENTITY[sdk=iphoneos*]" = "iPhone Developer";
				COPY_PHASE_STRIP = YES;
				ENABLE_NS_ASSERTIONS = NO;
				GCC_C_LANGUAGE_STANDARD = gnu99;
				GCC_WARN_64_TO_32_BIT_CONVERSION = YES;
				GCC_WARN_ABOUT_RETURN_TYPE = YES_ERROR;
				GCC_WARN_UNDECLARED_SELECTOR = YES;
				GCC_WARN_UNINITIALIZED_AUTOS = YES_AGGRESSIVE;
				GCC_WARN_UNUSED_FUNCTION = YES;
				GCC_WARN_UNUSED_VARIABLE = YES;
				IPHONEOS_DEPLOYMENT_TARGET = 7.1;
				SDKROOT = iphoneos;
				VALIDATE_PRODUCT = YES;
			};
			name = Release;
		};
		8E138C4B1990907A00519982 /* Debug */ = {
			isa = XCBuildConfiguration;
			buildSettings = {
				ASSETCATALOG_COMPILER_APPICON_NAME = AppIcon;
				ASSETCATALOG_COMPILER_LAUNCHIMAGE_NAME = LaunchImage;
				DEBUG_INFORMATION_FORMAT = "dwarf-with-dsym";
				FRAMEWORK_SEARCH_PATHS = (
					"$(inherited)",
					"$(PROJECT_DIR)",
				);
				GCC_PRECOMPILE_PREFIX_HEADER = YES;
				GCC_PREFIX_HEADER = "DN Item Simulator/DN Item Simulator-Prefix.pch";
				GENERATE_MASTER_OBJECT_FILE = NO;
				INFOPLIST_FILE = "DN Item Simulator/DN Item Simulator-Info.plist";
				MACH_O_TYPE = mh_execute;
				PRODUCT_NAME = "$(TARGET_NAME)";
				SPRITEKIT_TEXTURE_ATLAS_OUTPUT = YES;
				WRAPPER_EXTENSION = app;
			};
			name = Debug;
		};
		8E138C4C1990907A00519982 /* Release */ = {
			isa = XCBuildConfiguration;
			buildSettings = {
				ASSETCATALOG_COMPILER_APPICON_NAME = AppIcon;
				ASSETCATALOG_COMPILER_LAUNCHIMAGE_NAME = LaunchImage;
				DEBUG_INFORMATION_FORMAT = "dwarf-with-dsym";
				FRAMEWORK_SEARCH_PATHS = (
					"$(inherited)",
					"$(PROJECT_DIR)",
				);
				GCC_PRECOMPILE_PREFIX_HEADER = YES;
				GCC_PREFIX_HEADER = "DN Item Simulator/DN Item Simulator-Prefix.pch";
				GENERATE_MASTER_OBJECT_FILE = NO;
				INFOPLIST_FILE = "DN Item Simulator/DN Item Simulator-Info.plist";
				MACH_O_TYPE = mh_execute;
				PRODUCT_NAME = "$(TARGET_NAME)";
				SPRITEKIT_TEXTURE_ATLAS_OUTPUT = YES;
				WRAPPER_EXTENSION = app;
			};
			name = Release;
		};
		8E138C4E1990907A00519982 /* Debug */ = {
			isa = XCBuildConfiguration;
			buildSettings = {
				BUNDLE_LOADER = "$(BUILT_PRODUCTS_DIR)/DN Item Simulator.app/DN Item Simulator";
				FRAMEWORK_SEARCH_PATHS = (
					"$(SDKROOT)/Developer/Library/Frameworks",
					"$(inherited)",
					"$(DEVELOPER_FRAMEWORKS_DIR)",
				);
				GCC_PRECOMPILE_PREFIX_HEADER = YES;
				GCC_PREFIX_HEADER = "DN Item Simulator/DN Item Simulator-Prefix.pch";
				GCC_PREPROCESSOR_DEFINITIONS = (
					"DEBUG=1",
					"$(inherited)",
				);
				INFOPLIST_FILE = "DN Item SimulatorTests/DN Item SimulatorTests-Info.plist";
				PRODUCT_NAME = "$(TARGET_NAME)";
				TEST_HOST = "$(BUNDLE_LOADER)";
				WRAPPER_EXTENSION = xctest;
			};
			name = Debug;
		};
		8E138C4F1990907A00519982 /* Release */ = {
			isa = XCBuildConfiguration;
			buildSettings = {
				BUNDLE_LOADER = "$(BUILT_PRODUCTS_DIR)/DN Item Simulator.app/DN Item Simulator";
				FRAMEWORK_SEARCH_PATHS = (
					"$(SDKROOT)/Developer/Library/Frameworks",
					"$(inherited)",
					"$(DEVELOPER_FRAMEWORKS_DIR)",
				);
				GCC_PRECOMPILE_PREFIX_HEADER = YES;
				GCC_PREFIX_HEADER = "DN Item Simulator/DN Item Simulator-Prefix.pch";
				INFOPLIST_FILE = "DN Item SimulatorTests/DN Item SimulatorTests-Info.plist";
				PRODUCT_NAME = "$(TARGET_NAME)";
				TEST_HOST = "$(BUNDLE_LOADER)";
				WRAPPER_EXTENSION = xctest;
			};
			name = Release;
		};
/* End XCBuildConfiguration section */

/* Begin XCConfigurationList section */
		8E138C0C1990907900519982 /* Build configuration list for PBXProject "DN Item Simulator" */ = {
			isa = XCConfigurationList;
			buildConfigurations = (
				8E138C481990907A00519982 /* Debug */,
				8E138C491990907A00519982 /* Release */,
			);
			defaultConfigurationIsVisible = 0;
			defaultConfigurationName = Release;
		};
		8E138C4A1990907A00519982 /* Build configuration list for PBXNativeTarget "DN Item Simulator" */ = {
			isa = XCConfigurationList;
			buildConfigurations = (
				8E138C4B1990907A00519982 /* Debug */,
				8E138C4C1990907A00519982 /* Release */,
			);
			defaultConfigurationIsVisible = 0;
			defaultConfigurationName = Release;
		};
		8E138C4D1990907A00519982 /* Build configuration list for PBXNativeTarget "DN Item SimulatorTests" */ = {
			isa = XCConfigurationList;
			buildConfigurations = (
				8E138C4E1990907A00519982 /* Debug */,
				8E138C4F1990907A00519982 /* Release */,
			);
			defaultConfigurationIsVisible = 0;
			defaultConfigurationName = Release;
		};
/* End XCConfigurationList section */
	};
	rootObject = 8E138C091990907900519982 /* Project object */;
}
